
Microsoft Visual Studio Solution File, Format Version 12.00
# Visual Studio 15
VisualStudioVersion = 15.0.27703.2042
MinimumVisualStudioVersion = 10.0.40219.1
Project("{9A19103F-16F7-4668-BE54-9A1E7A4F7556}") = "AbitYour", "AbitYour2.1\AbitYour.csproj", "{AEC15082-9B6F-44FA-AC98-5F1AE5282D0E}"
EndProject
Global
	GlobalSection(SolutionConfigurationPlatforms) = preSolution
		Debug|Any CPU = Debug|Any CPU
		Release|Any CPU = Release|Any CPU
	EndGlobalSection
	GlobalSection(ProjectConfigurationPlatforms) = postSolution
		{AEC15082-9B6F-44FA-AC98-5F1AE5282D0E}.Debug|Any CPU.ActiveCfg = Debug|Any CPU
		{AEC15082-9B6F-44FA-AC98-5F1AE5282D0E}.Debug|Any CPU.Build.0 = Debug|Any CPU
		{AEC15082-9B6F-44FA-AC98-5F1AE5282D0E}.Release|Any CPU.ActiveCfg = Release|Any CPU
		{AEC15082-9B6F-44FA-AC98-5F1AE5282D0E}.Release|Any CPU.Build.0 = Release|Any CPU
	EndGlobalSection
	GlobalSection(SolutionProperties) = preSolution
		HideSolutionNode = FALSE
	EndGlobalSection
	GlobalSection(ExtensibilityGlobals) = postSolution
		SolutionGuid = {7BD351A3-66C2-453A-A03B-8D56B6791700}
	EndGlobalSection
EndGlobal
